// !$*UTF8*$!
{
	archiveVersion = 1;
	classes = {
	};
	objectVersion = 56;
	objects = {

/* Begin PBXBuildFile section */
		1118E5AF297DCA390034C3CE /* ReminderDoneButton.swift in Sources */ = {isa = PBXBuildFile; fileRef = 1118E5AE297DCA390034C3CE /* ReminderDoneButton.swift */; };
		1118E5B1297DCAEE0034C3CE /* ReminderListViewController+Actions.swift in Sources */ = {isa = PBXBuildFile; fileRef = 1118E5B0297DCAEE0034C3CE /* ReminderListViewController+Actions.swift */; };
		1118E5B3297EDE320034C3CE /* ReminderViewController.swift in Sources */ = {isa = PBXBuildFile; fileRef = 1118E5B2297EDE320034C3CE /* ReminderViewController.swift */; };
		11555A422980875B00F0BD92 /* ReminderViewController+Row.swift in Sources */ = {isa = PBXBuildFile; fileRef = 11555A412980875B00F0BD92 /* ReminderViewController+Row.swift */; };
		1155B3A929788C0B00C98E70 /* Date+Today.swift in Sources */ = {isa = PBXBuildFile; fileRef = 1155B3A829788C0B00C98E70 /* Date+Today.swift */; };
		1155B3AC29788F1F00C98E70 /* ReminderListViewController+DataSource.swift in Sources */ = {isa = PBXBuildFile; fileRef = 1155B3AB29788F1F00C98E70 /* ReminderListViewController+DataSource.swift */; };
		1155B3AE297891EA00C98E70 /* Assets.xcassets in Resources */ = {isa = PBXBuildFile; fileRef = 1155B3AD297891EA00C98E70 /* Assets.xcassets */; };
		11CC1AAE29712B0D00A8F34E /* AppDelegate.swift in Sources */ = {isa = PBXBuildFile; fileRef = 11CC1AAD29712B0D00A8F34E /* AppDelegate.swift */; };
		11CC1AB029712B0D00A8F34E /* SceneDelegate.swift in Sources */ = {isa = PBXBuildFile; fileRef = 11CC1AAF29712B0D00A8F34E /* SceneDelegate.swift */; };
		11CC1AB229712B0D00A8F34E /* ReminderListViewController.swift in Sources */ = {isa = PBXBuildFile; fileRef = 11CC1AB129712B0D00A8F34E /* ReminderListViewController.swift */; };
		11CC1AB529712B0D00A8F34E /* Main.storyboard in Resources */ = {isa = PBXBuildFile; fileRef = 11CC1AB329712B0D00A8F34E /* Main.storyboard */; };
		11CC1ABA29712B0F00A8F34E /* LaunchScreen.storyboard in Resources */ = {isa = PBXBuildFile; fileRef = 11CC1AB829712B0F00A8F34E /* LaunchScreen.storyboard */; };
		11CC1AC229712CA900A8F34E /* Reminder.swift in Sources */ = {isa = PBXBuildFile; fileRef = 11CC1AC129712CA900A8F34E /* Reminder.swift */; };
/* End PBXBuildFile section */

/* Begin PBXFileReference section */
		1118E5AE297DCA390034C3CE /* ReminderDoneButton.swift */ = {isa = PBXFileReference; lastKnownFileType = sourcecode.swift; path = ReminderDoneButton.swift; sourceTree = "<group>"; };
		1118E5B0297DCAEE0034C3CE /* ReminderListViewController+Actions.swift */ = {isa = PBXFileReference; lastKnownFileType = sourcecode.swift; path = "ReminderListViewController+Actions.swift"; sourceTree = "<group>"; };
		1118E5B2297EDE320034C3CE /* ReminderViewController.swift */ = {isa = PBXFileReference; lastKnownFileType = sourcecode.swift; path = ReminderViewController.swift; sourceTree = "<group>"; };
		11555A412980875B00F0BD92 /* ReminderViewController+Row.swift */ = {isa = PBXFileReference; lastKnownFileType = sourcecode.swift; path = "ReminderViewController+Row.swift"; sourceTree = "<group>"; };
		1155B3A829788C0B00C98E70 /* Date+Today.swift */ = {isa = PBXFileReference; lastKnownFileType = sourcecode.swift; path = "Date+Today.swift"; sourceTree = "<group>"; };
		1155B3AB29788F1F00C98E70 /* ReminderListViewController+DataSource.swift */ = {isa = PBXFileReference; lastKnownFileType = sourcecode.swift; path = "ReminderListViewController+DataSource.swift"; sourceTree = "<group>"; };
		1155B3AD297891EA00C98E70 /* Assets.xcassets */ = {isa = PBXFileReference; lastKnownFileType = folder.assetcatalog; path = Assets.xcassets; sourceTree = "<group>"; };
		11CC1AAA29712B0D00A8F34E /* Today.app */ = {isa = PBXFileReference; explicitFileType = wrapper.application; includeInIndex = 0; path = Today.app; sourceTree = BUILT_PRODUCTS_DIR; };
		11CC1AAD29712B0D00A8F34E /* AppDelegate.swift */ = {isa = PBXFileReference; lastKnownFileType = sourcecode.swift; path = AppDelegate.swift; sourceTree = "<group>"; };
		11CC1AAF29712B0D00A8F34E /* SceneDelegate.swift */ = {isa = PBXFileReference; lastKnownFileType = sourcecode.swift; path = SceneDelegate.swift; sourceTree = "<group>"; };
		11CC1AB129712B0D00A8F34E /* ReminderListViewController.swift */ = {isa = PBXFileReference; lastKnownFileType = sourcecode.swift; path = ReminderListViewController.swift; sourceTree = "<group>"; };
		11CC1AB429712B0D00A8F34E /* Base */ = {isa = PBXFileReference; lastKnownFileType = file.storyboard; name = Base; path = Base.lproj/Main.storyboard; sourceTree = "<group>"; };
		11CC1AB929712B0F00A8F34E /* Base */ = {isa = PBXFileReference; lastKnownFileType = file.storyboard; name = Base; path = Base.lproj/LaunchScreen.storyboard; sourceTree = "<group>"; };
		11CC1ABB29712B0F00A8F34E /* Info.plist */ = {isa = PBXFileReference; lastKnownFileType = text.plist.xml; path = Info.plist; sourceTree = "<group>"; };
		11CC1AC129712CA900A8F34E /* Reminder.swift */ = {isa = PBXFileReference; lastKnownFileType = sourcecode.swift; path = Reminder.swift; sourceTree = "<group>"; };
/* End PBXFileReference section */

/* Begin PBXFrameworksBuildPhase section */
		11CC1AA729712B0D00A8F34E /* Frameworks */ = {
			isa = PBXFrameworksBuildPhase;
			buildActionMask = 2147483647;
			files = (
			);
			runOnlyForDeploymentPostprocessing = 0;
		};
/* End PBXFrameworksBuildPhase section */

/* Begin PBXGroup section */
		1118E5B4297EDFC70034C3CE /* DetailViewController */ = {
			isa = PBXGroup;
			children = (
				1118E5B2297EDE320034C3CE /* ReminderViewController.swift */,
				11555A412980875B00F0BD92 /* ReminderViewController+Row.swift */,
			);
			path = DetailViewController;
			sourceTree = "<group>";
		};
		11555A43298089E200F0BD92 /* Project extensions */ = {
			isa = PBXGroup;
			children = (
				1155B3A829788C0B00C98E70 /* Date+Today.swift */,
			);
			path = "Project extensions";
			sourceTree = "<group>";
		};
		1155B3AA29788EE700C98E70 /* ListViewController */ = {
			isa = PBXGroup;
			children = (
				11CC1AB129712B0D00A8F34E /* ReminderListViewController.swift */,
				1118E5B0297DCAEE0034C3CE /* ReminderListViewController+Actions.swift */,
				1155B3AB29788F1F00C98E70 /* ReminderListViewController+DataSource.swift */,
			);
			path = ListViewController;
			sourceTree = "<group>";
		};
		11CC1AA129712B0D00A8F34E = {
			isa = PBXGroup;
			children = (
				11CC1AAC29712B0D00A8F34E /* Today */,
				11CC1AAB29712B0D00A8F34E /* Products */,
			);
			sourceTree = "<group>";
		};
		11CC1AAB29712B0D00A8F34E /* Products */ = {
			isa = PBXGroup;
			children = (
				11CC1AAA29712B0D00A8F34E /* Today.app */,
			);
			name = Products;
			sourceTree = "<group>";
		};
		11CC1AAC29712B0D00A8F34E /* Today */ = {
			isa = PBXGroup;
			children = (
				11CC1AAD29712B0D00A8F34E /* AppDelegate.swift */,
				11CC1AAF29712B0D00A8F34E /* SceneDelegate.swift */,
				1118E5AE297DCA390034C3CE /* ReminderDoneButton.swift */,
				1118E5B4297EDFC70034C3CE /* DetailViewController */,
				1155B3AA29788EE700C98E70 /* ListViewController */,
				11CC1AC329712CAD00A8F34E /* Models */,
				11555A43298089E200F0BD92 /* Project extensions */,
				11CC1AB329712B0D00A8F34E /* Main.storyboard */,
				1155B3AD297891EA00C98E70 /* Assets.xcassets */,
				11CC1AB829712B0F00A8F34E /* LaunchScreen.storyboard */,
				11CC1ABB29712B0F00A8F34E /* Info.plist */,
			);
			path = Today;
			sourceTree = "<group>";
		};
		11CC1AC329712CAD00A8F34E /* Models */ = {
			isa = PBXGroup;
			children = (
				11CC1AC129712CA900A8F34E /* Reminder.swift */,
			);
			path = Models;
			sourceTree = "<group>";
		};
/* End PBXGroup section */

/* Begin PBXNativeTarget section */
		11CC1AA929712B0D00A8F34E /* Today */ = {
			isa = PBXNativeTarget;
			buildConfigurationList = 11CC1ABE29712B0F00A8F34E /* Build configuration list for PBXNativeTarget "Today" */;
			buildPhases = (
				11CC1AA629712B0D00A8F34E /* Sources */,
				11CC1AA729712B0D00A8F34E /* Frameworks */,
				11CC1AA829712B0D00A8F34E /* Resources */,
			);
			buildRules = (
			);
			dependencies = (
			);
			name = Today;
			productName = Today;
			productReference = 11CC1AAA29712B0D00A8F34E /* Today.app */;
			productType = "com.apple.product-type.application";
		};
/* End PBXNativeTarget section */

/* Begin PBXProject section */
		11CC1AA229712B0D00A8F34E /* Project object */ = {
			isa = PBXProject;
			attributes = {
				BuildIndependentTargetsInParallel = 1;
				LastSwiftUpdateCheck = 1400;
				LastUpgradeCheck = 1400;
				TargetAttributes = {
					11CC1AA929712B0D00A8F34E = {
						CreatedOnToolsVersion = 14.0;
					};
				};
			};
			buildConfigurationList = 11CC1AA529712B0D00A8F34E /* Build configuration list for PBXProject "Today" */;
			compatibilityVersion = "Xcode 14.0";
			developmentRegion = en;
			hasScannedForEncodings = 0;
			knownRegions = (
				en,
				Base,
			);
			mainGroup = 11CC1AA129712B0D00A8F34E;
			productRefGroup = 11CC1AAB29712B0D00A8F34E /* Products */;
			projectDirPath = "";
			projectRoot = "";
			targets = (
				11CC1AA929712B0D00A8F34E /* Today */,
			);
		};
/* End PBXProject section */

/* Begin PBXResourcesBuildPhase section */
		11CC1AA829712B0D00A8F34E /* Resources */ = {
			isa = PBXResourcesBuildPhase;
			buildActionMask = 2147483647;
			files = (
				11CC1ABA29712B0F00A8F34E /* LaunchScreen.storyboard in Resources */,
				1155B3AE297891EA00C98E70 /* Assets.xcassets in Resources */,
				11CC1AB529712B0D00A8F34E /* Main.storyboard in Resources */,
			);
			runOnlyForDeploymentPostprocessing = 0;
		};
/* End PBXResourcesBuildPhase section */

/* Begin PBXSourcesBuildPhase section */
		11CC1AA629712B0D00A8F34E /* Sources */ = {
			isa = PBXSourcesBuildPhase;
			buildActionMask = 2147483647;
			files = (
				1118E5B1297DCAEE0034C3CE /* ReminderListViewController+Actions.swift in Sources */,
				11CC1AB229712B0D00A8F34E /* ReminderListViewController.swift in Sources */,
				1155B3A929788C0B00C98E70 /* Date+Today.swift in Sources */,
				11CC1AAE29712B0D00A8F34E /* AppDelegate.swift in Sources */,
				11CC1AB029712B0D00A8F34E /* SceneDelegate.swift in Sources */,
				1118E5B3297EDE320034C3CE /* ReminderViewController.swift in Sources */,
				11555A422980875B00F0BD92 /* ReminderViewController+Row.swift in Sources */,
				11CC1AC229712CA900A8F34E /* Reminder.swift in Sources */,
				1118E5AF297DCA390034C3CE /* ReminderDoneButton.swift in Sources */,
				1155B3AC29788F1F00C98E70 /* ReminderListViewController+DataSource.swift in Sources */,
			);
			runOnlyForDeploymentPostprocessing = 0;
		};
/* End PBXSourcesBuildPhase section */

/* Begin PBXVariantGroup section */
		11CC1AB329712B0D00A8F34E /* Main.storyboard */ = {
			isa = PBXVariantGroup;
			children = (
				11CC1AB429712B0D00A8F34E /* Base */,
			);
			name = Main.storyboard;
			sourceTree = "<group>";
		};
		11CC1AB829712B0F00A8F34E /* LaunchScreen.storyboard */ = {
			isa = PBXVariantGroup;
			children = (
				11CC1AB929712B0F00A8F34E /* Base */,
			);
			name = LaunchScreen.storyboard;
			sourceTree = "<group>";
		};
/* End PBXVariantGroup section */

/* Begin XCBuildConfiguration section */
		11CC1ABC29712B0F00A8F34E /* Debug */ = {
			isa = XCBuildConfiguration;
			buildSettings = {
				ALWAYS_SEARCH_USER_PATHS = NO;
				CLANG_ANALYZER_NONNULL = YES;
				CLANG_ANALYZER_NUMBER_OBJECT_CONVERSION = YES_AGGRESSIVE;
				CLANG_CXX_LANGUAGE_STANDARD = "gnu++20";
				CLANG_ENABLE_MODULES = YES;
				CLANG_ENABLE_OBJC_ARC = YES;
				CLANG_ENABLE_OBJC_WEAK = YES;
				CLANG_WARN_BLOCK_CAPTURE_AUTORELEASING = YES;
				CLANG_WARN_BOOL_CONVERSION = YES;
				CLANG_WARN_COMMA = YES;
				CLANG_WARN_CONSTANT_CONVERSION = YES;
				CLANG_WARN_DEPRECATED_OBJC_IMPLEMENTATIONS = YES;
				CLANG_WARN_DIRECT_OBJC_ISA_USAGE = YES_ERROR;
				CLANG_WARN_DOCUMENTATION_COMMENTS = YES;
				CLANG_WARN_EMPTY_BODY = YES;
				CLANG_WARN_ENUM_CONVERSION = YES;
				CLANG_WARN_INFINITE_RECURSION = YES;
				CLANG_WARN_INT_CONVERSION = YES;
				CLANG_WARN_NON_LITERAL_NULL_CONVERSION = YES;
				CLANG_WARN_OBJC_IMPLICIT_RETAIN_SELF = YES;
				CLANG_WARN_OBJC_LITERAL_CONVERSION = YES;
				CLANG_WARN_OBJC_ROOT_CLASS = YES_ERROR;
				CLANG_WARN_QUOTED_INCLUDE_IN_FRAMEWORK_HEADER = YES;
				CLANG_WARN_RANGE_LOOP_ANALYSIS = YES;
				CLANG_WARN_STRICT_PROTOTYPES = YES;
				CLANG_WARN_SUSPICIOUS_MOVE = YES;
				CLANG_WARN_UNGUARDED_AVAILABILITY = YES_AGGRESSIVE;
				CLANG_WARN_UNREACHABLE_CODE = YES;
				CLANG_WARN__DUPLICATE_METHOD_MATCH = YES;
				COPY_PHASE_STRIP = NO;
				DEBUG_INFORMATION_FORMAT = dwarf;
				ENABLE_STRICT_OBJC_MSGSEND = YES;
				ENABLE_TESTABILITY = YES;
				GCC_C_LANGUAGE_STANDARD = gnu11;
				GCC_DYNAMIC_NO_PIC = NO;
				GCC_NO_COMMON_BLOCKS = YES;
				GCC_OPTIMIZATION_LEVEL = 0;
				GCC_PREPROCESSOR_DEFINITIONS = (
					"DEBUG=1",
					"$(inherited)",
				);
				GCC_WARN_64_TO_32_BIT_CONVERSION = YES;
				GCC_WARN_ABOUT_RETURN_TYPE = YES_ERROR;
				GCC_WARN_UNDECLARED_SELECTOR = YES;
				GCC_WARN_UNINITIALIZED_AUTOS = YES_AGGRESSIVE;
				GCC_WARN_UNUSED_FUNCTION = YES;
				GCC_WARN_UNUSED_VARIABLE = YES;
				IPHONEOS_DEPLOYMENT_TARGET = 16.0;
				MTL_ENABLE_DEBUG_INFO = INCLUDE_SOURCE;
				MTL_FAST_MATH = YES;
				ONLY_ACTIVE_ARCH = YES;
				SDKROOT = iphoneos;
				SWIFT_ACTIVE_COMPILATION_CONDITIONS = DEBUG;
				SWIFT_OPTIMIZATION_LEVEL = "-Onone";
			};
			name = Debug;
		};
		11CC1ABD29712B0F00A8F34E /* Release */ = {
			isa = XCBuildConfiguration;
			buildSettings = {
				ALWAYS_SEARCH_USER_PATHS = NO;
				CLANG_ANALYZER_NONNULL = YES;
				CLANG_ANALYZER_NUMBER_OBJECT_CONVERSION = YES_AGGRESSIVE;
				CLANG_CXX_LANGUAGE_STANDARD = "gnu++20";
				CLANG_ENABLE_MODULES = YES;
				CLANG_ENABLE_OBJC_ARC = YES;
				CLANG_ENABLE_OBJC_WEAK = YES;
				CLANG_WARN_BLOCK_CAPTURE_AUTORELEASING = YES;
				CLANG_WARN_BOOL_CONVERSION = YES;
				CLANG_WARN_COMMA = YES;
				CLANG_WARN_CONSTANT_CONVERSION = YES;
				CLANG_WARN_DEPRECATED_OBJC_IMPLEMENTATIONS = YES;
				CLANG_WARN_DIRECT_OBJC_ISA_USAGE = YES_ERROR;
				CLANG_WARN_DOCUMENTATION_COMMENTS = YES;
				CLANG_WARN_EMPTY_BODY = YES;
				CLANG_WARN_ENUM_CONVERSION = YES;
				CLANG_WARN_INFINITE_RECURSION = YES;
				CLANG_WARN_INT_CONVERSION = YES;
				CLANG_WARN_NON_LITERAL_NULL_CONVERSION = YES;
				CLANG_WARN_OBJC_IMPLICIT_RETAIN_SELF = YES;
				CLANG_WARN_OBJC_LITERAL_CONVERSION = YES;
				CLANG_WARN_OBJC_ROOT_CLASS = YES_ERROR;
				CLANG_WARN_QUOTED_INCLUDE_IN_FRAMEWORK_HEADER = YES;
				CLANG_WARN_RANGE_LOOP_ANALYSIS = YES;
				CLANG_WARN_STRICT_PROTOTYPES = YES;
				CLANG_WARN_SUSPICIOUS_MOVE = YES;
				CLANG_WARN_UNGUARDED_AVAILABILITY = YES_AGGRESSIVE;
				CLANG_WARN_UNREACHABLE_CODE = YES;
				CLANG_WARN__DUPLICATE_METHOD_MATCH = YES;
				COPY_PHASE_STRIP = NO;
				DEBUG_INFORMATION_FORMAT = "dwarf-with-dsym";
				ENABLE_NS_ASSERTIONS = NO;
				ENABLE_STRICT_OBJC_MSGSEND = YES;
				GCC_C_LANGUAGE_STANDARD = gnu11;
				GCC_NO_COMMON_BLOCKS = YES;
				GCC_WARN_64_TO_32_BIT_CONVERSION = YES;
				GCC_WARN_ABOUT_RETURN_TYPE = YES_ERROR;
				GCC_WARN_UNDECLARED_SELECTOR = YES;
				GCC_WARN_UNINITIALIZED_AUTOS = YES_AGGRESSIVE;
				GCC_WARN_UNUSED_FUNCTION = YES;
				GCC_WARN_UNUSED_VARIABLE = YES;
				IPHONEOS_DEPLOYMENT_TARGET = 16.0;
				MTL_ENABLE_DEBUG_INFO = NO;
				MTL_FAST_MATH = YES;
				SDKROOT = iphoneos;
				SWIFT_COMPILATION_MODE = wholemodule;
				SWIFT_OPTIMIZATION_LEVEL = "-O";
				VALIDATE_PRODUCT = YES;
			};
			name = Release;
		};
		11CC1ABF29712B0F00A8F34E /* Debug */ = {
			isa = XCBuildConfiguration;
			buildSettings = {
				ASSETCATALOG_COMPILER_APPICON_NAME = AppIcon;
				ASSETCATALOG_COMPILER_GLOBAL_ACCENT_COLOR_NAME = AccentColor;
				CODE_SIGN_STYLE = Automatic;
				CURRENT_PROJECT_VERSION = 1;
				DEVELOPMENT_TEAM = KS74W7M7ZU;
				GENERATE_INFOPLIST_FILE = YES;
				INFOPLIST_FILE = Today/Info.plist;
				INFOPLIST_KEY_UIApplicationSupportsIndirectInputEvents = YES;
				INFOPLIST_KEY_UILaunchStoryboardName = LaunchScreen;
				INFOPLIST_KEY_UIMainStoryboardFile = Main;
				INFOPLIST_KEY_UISupportedInterfaceOrientations_iPad = "UIInterfaceOrientationPortrait UIInterfaceOrientationPortraitUpsideDown UIInterfaceOrientationLandscapeLeft UIInterfaceOrientationLandscapeRight";
				INFOPLIST_KEY_UISupportedInterfaceOrientations_iPhone = "UIInterfaceOrientationPortrait UIInterfaceOrientationLandscapeLeft UIInterfaceOrientationLandscapeRight";
				LD_RUNPATH_SEARCH_PATHS = (
					"$(inherited)",
					"@executable_path/Frameworks",
				);
				MARKETING_VERSION = 1.0;
				PRODUCT_BUNDLE_IDENTIFIER = nktshklv.Today;
				PRODUCT_NAME = "$(TARGET_NAME)";
				SWIFT_EMIT_LOC_STRINGS = YES;
				SWIFT_VERSION = 5.0;
				TARGETED_DEVICE_FAMILY = "1,2";
			};
			name = Debug;
		};
		11CC1AC029712B0F00A8F34E /* Release */ = {
			isa = XCBuildConfiguration;
			buildSettings = {
				ASSETCATALOG_COMPILER_APPICON_NAME = AppIcon;
				ASSETCATALOG_COMPILER_GLOBAL_ACCENT_COLOR_NAME = AccentColor;
				CODE_SIGN_STYLE = Automatic;
				CURRENT_PROJECT_VERSION = 1;
				DEVELOPMENT_TEAM = KS74W7M7ZU;
				GENERATE_INFOPLIST_FILE = YES;
				INFOPLIST_FILE = Today/Info.plist;
				INFOPLIST_KEY_UIApplicationSupportsIndirectInputEvents = YES;
				INFOPLIST_KEY_UILaunchStoryboardName = LaunchScreen;
				INFOPLIST_KEY_UIMainStoryboardFile = Main;
				INFOPLIST_KEY_UISupportedInterfaceOrientations_iPad = "UIInterfaceOrientationPortrait UIInterfaceOrientationPortraitUpsideDown UIInterfaceOrientationLandscapeLeft UIInterfaceOrientationLandscapeRight";
				INFOPLIST_KEY_UISupportedInterfaceOrientations_iPhone = "UIInterfaceOrientationPortrait UIInterfaceOrientationLandscapeLeft UIInterfaceOrientationLandscapeRight";
				LD_RUNPATH_SEARCH_PATHS = (
					"$(inherited)",
					"@executable_path/Frameworks",
				);
				MARKETING_VERSION = 1.0;
				PRODUCT_BUNDLE_IDENTIFIER = nktshklv.Today;
				PRODUCT_NAME = "$(TARGET_NAME)";
				SWIFT_EMIT_LOC_STRINGS = YES;
				SWIFT_VERSION = 5.0;
				TARGETED_DEVICE_FAMILY = "1,2";
			};
			name = Release;
		};
/* End XCBuildConfiguration section */

/* Begin XCConfigurationList section */
		11CC1AA529712B0D00A8F34E /* Build configuration list for PBXProject "Today" */ = {
			isa = XCConfigurationList;
			buildConfigurations = (
				11CC1ABC29712B0F00A8F34E /* Debug */,
				11CC1ABD29712B0F00A8F34E /* Release */,
			);
			defaultConfigurationIsVisible = 0;
			defaultConfigurationName = Release;
		};
		11CC1ABE29712B0F00A8F34E /* Build configuration list for PBXNativeTarget "Today" */ = {
			isa = XCConfigurationList;
			buildConfigurations = (
				11CC1ABF29712B0F00A8F34E /* Debug */,
				11CC1AC029712B0F00A8F34E /* Release */,
			);
			defaultConfigurationIsVisible = 0;
			defaultConfigurationName = Release;
		};
/* End XCConfigurationList section */
	};
	rootObject = 11CC1AA229712B0D00A8F34E /* Project object */;
}
